// !$*UTF8*$!
{
	archiveVersion = 1;
	classes = {
	};
	objectVersion = 50;
	objects = {

/* Begin PBXBuildFile section */
		044FABC16162CC4BA90F6B0F /* Pods_EngaginguTests.framework in Frameworks */ = {isa = PBXBuildFile; fileRef = E7D6C2F4782D9AAC5A1258D8 /* Pods_EngaginguTests.framework */; };
		08FC480384A78EFC8E4A4E15 /* Pods_Engagingu.framework in Frameworks */ = {isa = PBXBuildFile; fileRef = 23C83CB32480427436B31067 /* Pods_Engagingu.framework */; };
		5D31BF4900488589D5682B03 /* Pods_EngaginguUITests.framework in Frameworks */ = {isa = PBXBuildFile; fileRef = F218129057F039B1BDFE358B /* Pods_EngaginguUITests.framework */; };
		AF2AF80421FE909200B75A50 /* Pencil.swift in Sources */ = {isa = PBXBuildFile; fileRef = AF2AF80321FE909100B75A50 /* Pencil.swift */; };
		AF2AF80621FE90AA00B75A50 /* DrawingController.swift in Sources */ = {isa = PBXBuildFile; fileRef = AF2AF80521FE90AA00B75A50 /* DrawingController.swift */; };
		AF2AF80821FED09000B75A50 /* RobotoCondensed-Bold.ttf in Resources */ = {isa = PBXBuildFile; fileRef = AF2AF80721FED08F00B75A50 /* RobotoCondensed-Bold.ttf */; };
		AF3DBCEF21F7077E005FBE40 /* TutorialController.swift in Sources */ = {isa = PBXBuildFile; fileRef = AF3DBCEE21F7077E005FBE40 /* TutorialController.swift */; };
		AF51084822192ABD00EAB0FD /* WordSearchViewController.swift in Sources */ = {isa = PBXBuildFile; fileRef = AF51084622192ABC00EAB0FD /* WordSearchViewController.swift */; };
		AF51084922192ABD00EAB0FD /* WordSearchTableViewCell.swift in Sources */ = {isa = PBXBuildFile; fileRef = AF51084722192ABD00EAB0FD /* WordSearchTableViewCell.swift */; };
		AF6C8B42218D4CDF006AC6C0 /* LoginTrailController.swift in Sources */ = {isa = PBXBuildFile; fileRef = AF6C8B3F218D4CDF006AC6C0 /* LoginTrailController.swift */; };
		AF6C8B43218D4CDF006AC6C0 /* LoginNameController.swift in Sources */ = {isa = PBXBuildFile; fileRef = AF6C8B40218D4CDF006AC6C0 /* LoginNameController.swift */; };
		AF6C8B44218D4CDF006AC6C0 /* CameraViewController.swift in Sources */ = {isa = PBXBuildFile; fileRef = AF6C8B41218D4CDF006AC6C0 /* CameraViewController.swift */; };
		AF78DD0C2189878A00B0CF10 /* AppDelegate.swift in Sources */ = {isa = PBXBuildFile; fileRef = AF78DD0B2189878A00B0CF10 /* AppDelegate.swift */; };
		AF78DD162189879600B0CF10 /* LaunchScreen.storyboard in Resources */ = {isa = PBXBuildFile; fileRef = AF78DD142189879600B0CF10 /* LaunchScreen.storyboard */; };
		AF78DD212189879600B0CF10 /* EngaginguTests.swift in Sources */ = {isa = PBXBuildFile; fileRef = AF78DD202189879600B0CF10 /* EngaginguTests.swift */; };
		AF78DD2C2189879600B0CF10 /* EngaginguUITests.swift in Sources */ = {isa = PBXBuildFile; fileRef = AF78DD2B2189879600B0CF10 /* EngaginguUITests.swift */; };
		AF78DD4B218A126900B0CF10 /* Accelerate.framework in Frameworks */ = {isa = PBXBuildFile; fileRef = AF78DD4A218A126800B0CF10 /* Accelerate.framework */; };
		AF78DD4D218A128500B0CF10 /* CoreGraphics.framework in Frameworks */ = {isa = PBXBuildFile; fileRef = AF78DD4C218A128500B0CF10 /* CoreGraphics.framework */; };
		AF78DD4F218A129400B0CF10 /* CoreData.framework in Frameworks */ = {isa = PBXBuildFile; fileRef = AF78DD4E218A129400B0CF10 /* CoreData.framework */; };
		AF78DD51218A12F800B0CF10 /* CoreImage.framework in Frameworks */ = {isa = PBXBuildFile; fileRef = AF78DD50218A12F800B0CF10 /* CoreImage.framework */; };
		AF78DD53218A130000B0CF10 /* CoreLocation.framework in Frameworks */ = {isa = PBXBuildFile; fileRef = AF78DD52218A130000B0CF10 /* CoreLocation.framework */; };
		AF78DD55218A130800B0CF10 /* CoreTelephony.framework in Frameworks */ = {isa = PBXBuildFile; fileRef = AF78DD54218A130800B0CF10 /* CoreTelephony.framework */; };
		AF78DD57218A131200B0CF10 /* CoreText.framework in Frameworks */ = {isa = PBXBuildFile; fileRef = AF78DD56218A131200B0CF10 /* CoreText.framework */; };
		AF78DD59218A131900B0CF10 /* GLKit.framework in Frameworks */ = {isa = PBXBuildFile; fileRef = AF78DD58218A131900B0CF10 /* GLKit.framework */; };
		AF78DD5B218A132100B0CF10 /* ImageIO.framework in Frameworks */ = {isa = PBXBuildFile; fileRef = AF78DD5A218A132000B0CF10 /* ImageIO.framework */; };
		AF78DD5D218A133400B0CF10 /* libc++.tbd in Frameworks */ = {isa = PBXBuildFile; fileRef = AF78DD5C218A133400B0CF10 /* libc++.tbd */; };
		AF78DD5F218A134000B0CF10 /* libz.tbd in Frameworks */ = {isa = PBXBuildFile; fileRef = AF78DD5E218A134000B0CF10 /* libz.tbd */; };
		AF78DD61218A134800B0CF10 /* OpenGLES.framework in Frameworks */ = {isa = PBXBuildFile; fileRef = AF78DD60218A134800B0CF10 /* OpenGLES.framework */; };
		AF78DD63218A135000B0CF10 /* QuartzCore.framework in Frameworks */ = {isa = PBXBuildFile; fileRef = AF78DD62218A135000B0CF10 /* QuartzCore.framework */; };
		AF78DD65218A135700B0CF10 /* SystemConfiguration.framework in Frameworks */ = {isa = PBXBuildFile; fileRef = AF78DD64218A135700B0CF10 /* SystemConfiguration.framework */; };
		AF78DD67218A136200B0CF10 /* UIKit.framework in Frameworks */ = {isa = PBXBuildFile; fileRef = AF78DD66218A136200B0CF10 /* UIKit.framework */; };
		AF78DD92218B759500B0CF10 /* RestAPIManager.swift in Sources */ = {isa = PBXBuildFile; fileRef = AF78DD91218B759500B0CF10 /* RestAPIManager.swift */; };
		AFAF5FB021EF8DE800E29FD1 /* roboto-condensed.light.ttf in Resources */ = {isa = PBXBuildFile; fileRef = AFAF5FAF21EF8DE800E29FD1 /* roboto-condensed.light.ttf */; };
		AFAF5FB121EF8E0300E29FD1 /* roboto-condensed.regular.ttf in Resources */ = {isa = PBXBuildFile; fileRef = AFAF5FAE21EF8DC300E29FD1 /* roboto-condensed.regular.ttf */; };
		E106B49A21C3BE35001DEB88 /* Podfile in Resources */ = {isa = PBXBuildFile; fileRef = E106B49921C3BE35001DEB88 /* Podfile */; };
		E10D9FB421DF042900C6D682 /* SubmissionViewController.swift in Sources */ = {isa = PBXBuildFile; fileRef = E10D9FB321DF042900C6D682 /* SubmissionViewController.swift */; };
		E124529221F8B9E20036AC87 /* AnagramViewController.swift in Sources */ = {isa = PBXBuildFile; fileRef = E124529121F8B9E20036AC87 /* AnagramViewController.swift */; };
		E12FEFA121F1D9B10074F877 /* LeaderboardController.swift in Sources */ = {isa = PBXBuildFile; fileRef = E12FEFA021F1D9B10074F877 /* LeaderboardController.swift */; };
		E12FEFA321F2ECFA0074F877 /* ActivityFeedController.swift in Sources */ = {isa = PBXBuildFile; fileRef = E12FEFA221F2ECFA0074F877 /* ActivityFeedController.swift */; };
		E12FEFA521F2F3090074F877 /* LeaderboardTableViewCell.swift in Sources */ = {isa = PBXBuildFile; fileRef = E12FEFA421F2F3090074F877 /* LeaderboardTableViewCell.swift */; };
		E12FEFA721F2F3210074F877 /* ActivityFeedTableViewCell.swift in Sources */ = {isa = PBXBuildFile; fileRef = E12FEFA621F2F3210074F877 /* ActivityFeedTableViewCell.swift */; };
		E12FEFA921F2FDD50074F877 /* SocketHandler.swift in Sources */ = {isa = PBXBuildFile; fileRef = E12FEFA821F2FDD50074F877 /* SocketHandler.swift */; };
		E1500BC621EECB0F0032E8FA /* SubmissionPopUpController.swift in Sources */ = {isa = PBXBuildFile; fileRef = E1500BC521EECB0F0032E8FA /* SubmissionPopUpController.swift */; };
		E176A13E21C1487F005A5C30 /* TabBarController.swift in Sources */ = {isa = PBXBuildFile; fileRef = E176A13D21C1487F005A5C30 /* TabBarController.swift */; };
		E176A14221C290E1005A5C30 /* QuizViewController.swift in Sources */ = {isa = PBXBuildFile; fileRef = E176A14121C290E1005A5C30 /* QuizViewController.swift */; };
		E176A14421C2936D005A5C30 /* NarrativeViewController.swift in Sources */ = {isa = PBXBuildFile; fileRef = E176A14321C2936D005A5C30 /* NarrativeViewController.swift */; };
		E1843794221ECB8A008A1EA9 /* FAQController.swift in Sources */ = {isa = PBXBuildFile; fileRef = E1843793221ECB8A008A1EA9 /* FAQController.swift */; };
		E1A67DE321913DC300581D1C /* InstanceDAO.swift in Sources */ = {isa = PBXBuildFile; fileRef = E1A67DE221913DC300581D1C /* InstanceDAO.swift */; };
		E1A67DE921944C6B00581D1C /* TeamAllocationController.swift in Sources */ = {isa = PBXBuildFile; fileRef = E1A67DE821944C6B00581D1C /* TeamAllocationController.swift */; };
		E1B5928021E597E600643DF7 /* SubmissionTableViewCell.swift in Sources */ = {isa = PBXBuildFile; fileRef = E1B5927F21E597E600643DF7 /* SubmissionTableViewCell.swift */; };
		E1DE91D2219085D70035ED9C /* Main.storyboard in Resources */ = {isa = PBXBuildFile; fileRef = E1DE91D0219085D70035ED9C /* Main.storyboard */; };
		E1E945C622015C0B005E7E1A /* DragAndDropController.swift in Sources */ = {isa = PBXBuildFile; fileRef = E1E945C522015C0B005E7E1A /* DragAndDropController.swift */; };
		E1F5132721BFA05700964726 /* Assets.xcassets in Resources */ = {isa = PBXBuildFile; fileRef = E1F5132621BFA05700964726 /* Assets.xcassets */; };
		E1F5133821BFC24B00964726 /* MapController.swift in Sources */ = {isa = PBXBuildFile; fileRef = E1F5133721BFC24B00964726 /* MapController.swift */; };
/* End PBXBuildFile section */

/* Begin PBXContainerItemProxy section */
		AF78DD1D2189879600B0CF10 /* PBXContainerItemProxy */ = {
			isa = PBXContainerItemProxy;
			containerPortal = AF78DD002189878A00B0CF10 /* Project object */;
			proxyType = 1;
			remoteGlobalIDString = AF78DD072189878A00B0CF10;
			remoteInfo = Engagingu;
		};
		AF78DD282189879600B0CF10 /* PBXContainerItemProxy */ = {
			isa = PBXContainerItemProxy;
			containerPortal = AF78DD002189878A00B0CF10 /* Project object */;
			proxyType = 1;
			remoteGlobalIDString = AF78DD072189878A00B0CF10;
			remoteInfo = Engagingu;
		};
/* End PBXContainerItemProxy section */

/* Begin PBXFileReference section */
		23C83CB32480427436B31067 /* Pods_Engagingu.framework */ = {isa = PBXFileReference; explicitFileType = wrapper.framework; includeInIndex = 0; path = Pods_Engagingu.framework; sourceTree = BUILT_PRODUCTS_DIR; };
		8251D569449EA94536524B3F /* Pods-EngaginguTests.release.xcconfig */ = {isa = PBXFileReference; includeInIndex = 1; lastKnownFileType = text.xcconfig; name = "Pods-EngaginguTests.release.xcconfig"; path = "Pods/Target Support Files/Pods-EngaginguTests/Pods-EngaginguTests.release.xcconfig"; sourceTree = "<group>"; };
		85DE15961F91F3EEAF32347C /* Pods-EngaginguUITests.release.xcconfig */ = {isa = PBXFileReference; includeInIndex = 1; lastKnownFileType = text.xcconfig; name = "Pods-EngaginguUITests.release.xcconfig"; path = "Pods/Target Support Files/Pods-EngaginguUITests/Pods-EngaginguUITests.release.xcconfig"; sourceTree = "<group>"; };
		9E4318A0C78FB865C1DE9961 /* Pods-Engagingu.release.xcconfig */ = {isa = PBXFileReference; includeInIndex = 1; lastKnownFileType = text.xcconfig; name = "Pods-Engagingu.release.xcconfig"; path = "Pods/Target Support Files/Pods-Engagingu/Pods-Engagingu.release.xcconfig"; sourceTree = "<group>"; };
		AF2AF80321FE909100B75A50 /* Pencil.swift */ = {isa = PBXFileReference; fileEncoding = 4; lastKnownFileType = sourcecode.swift; path = Pencil.swift; sourceTree = "<group>"; };
		AF2AF80521FE90AA00B75A50 /* DrawingController.swift */ = {isa = PBXFileReference; fileEncoding = 4; lastKnownFileType = sourcecode.swift; path = DrawingController.swift; sourceTree = "<group>"; };
		AF2AF80721FED08F00B75A50 /* RobotoCondensed-Bold.ttf */ = {isa = PBXFileReference; lastKnownFileType = file; path = "RobotoCondensed-Bold.ttf"; sourceTree = "<group>"; };
		AF3DBCEE21F7077E005FBE40 /* TutorialController.swift */ = {isa = PBXFileReference; lastKnownFileType = sourcecode.swift; path = TutorialController.swift; sourceTree = "<group>"; };
		AF51084622192ABC00EAB0FD /* WordSearchViewController.swift */ = {isa = PBXFileReference; fileEncoding = 4; lastKnownFileType = sourcecode.swift; path = WordSearchViewController.swift; sourceTree = "<group>"; };
		AF51084722192ABD00EAB0FD /* WordSearchTableViewCell.swift */ = {isa = PBXFileReference; fileEncoding = 4; lastKnownFileType = sourcecode.swift; path = WordSearchTableViewCell.swift; sourceTree = "<group>"; };
		AF6C8B3F218D4CDF006AC6C0 /* LoginTrailController.swift */ = {isa = PBXFileReference; fileEncoding = 4; lastKnownFileType = sourcecode.swift; path = LoginTrailController.swift; sourceTree = "<group>"; };
		AF6C8B40218D4CDF006AC6C0 /* LoginNameController.swift */ = {isa = PBXFileReference; fileEncoding = 4; lastKnownFileType = sourcecode.swift; path = LoginNameController.swift; sourceTree = "<group>"; };
		AF6C8B41218D4CDF006AC6C0 /* CameraViewController.swift */ = {isa = PBXFileReference; fileEncoding = 4; lastKnownFileType = sourcecode.swift; path = CameraViewController.swift; sourceTree = "<group>"; };
		AF78DD082189878A00B0CF10 /* Engagingu.app */ = {isa = PBXFileReference; explicitFileType = wrapper.application; includeInIndex = 0; path = Engagingu.app; sourceTree = BUILT_PRODUCTS_DIR; };
		AF78DD0B2189878A00B0CF10 /* AppDelegate.swift */ = {isa = PBXFileReference; lastKnownFileType = sourcecode.swift; path = AppDelegate.swift; sourceTree = "<group>"; };
		AF78DD152189879600B0CF10 /* Base */ = {isa = PBXFileReference; lastKnownFileType = file.storyboard; name = Base; path = Base.lproj/LaunchScreen.storyboard; sourceTree = "<group>"; };
		AF78DD1C2189879600B0CF10 /* EngaginguTests.xctest */ = {isa = PBXFileReference; explicitFileType = wrapper.cfbundle; includeInIndex = 0; path = EngaginguTests.xctest; sourceTree = BUILT_PRODUCTS_DIR; };
		AF78DD202189879600B0CF10 /* EngaginguTests.swift */ = {isa = PBXFileReference; lastKnownFileType = sourcecode.swift; path = EngaginguTests.swift; sourceTree = "<group>"; };
		AF78DD222189879600B0CF10 /* Info.plist */ = {isa = PBXFileReference; lastKnownFileType = text.plist.xml; path = Info.plist; sourceTree = "<group>"; };
		AF78DD272189879600B0CF10 /* EngaginguUITests.xctest */ = {isa = PBXFileReference; explicitFileType = wrapper.cfbundle; includeInIndex = 0; path = EngaginguUITests.xctest; sourceTree = BUILT_PRODUCTS_DIR; };
		AF78DD2B2189879600B0CF10 /* EngaginguUITests.swift */ = {isa = PBXFileReference; lastKnownFileType = sourcecode.swift; path = EngaginguUITests.swift; sourceTree = "<group>"; };
		AF78DD2D2189879600B0CF10 /* Info.plist */ = {isa = PBXFileReference; lastKnownFileType = text.plist.xml; path = Info.plist; sourceTree = "<group>"; };
		AF78DD4A218A126800B0CF10 /* Accelerate.framework */ = {isa = PBXFileReference; lastKnownFileType = wrapper.framework; name = Accelerate.framework; path = System/Library/Frameworks/Accelerate.framework; sourceTree = SDKROOT; };
		AF78DD4C218A128500B0CF10 /* CoreGraphics.framework */ = {isa = PBXFileReference; lastKnownFileType = wrapper.framework; name = CoreGraphics.framework; path = System/Library/Frameworks/CoreGraphics.framework; sourceTree = SDKROOT; };
		AF78DD4E218A129400B0CF10 /* CoreData.framework */ = {isa = PBXFileReference; lastKnownFileType = wrapper.framework; name = CoreData.framework; path = System/Library/Frameworks/CoreData.framework; sourceTree = SDKROOT; };
		AF78DD50218A12F800B0CF10 /* CoreImage.framework */ = {isa = PBXFileReference; lastKnownFileType = wrapper.framework; name = CoreImage.framework; path = System/Library/Frameworks/CoreImage.framework; sourceTree = SDKROOT; };
		AF78DD52218A130000B0CF10 /* CoreLocation.framework */ = {isa = PBXFileReference; lastKnownFileType = wrapper.framework; name = CoreLocation.framework; path = System/Library/Frameworks/CoreLocation.framework; sourceTree = SDKROOT; };
		AF78DD54218A130800B0CF10 /* CoreTelephony.framework */ = {isa = PBXFileReference; lastKnownFileType = wrapper.framework; name = CoreTelephony.framework; path = System/Library/Frameworks/CoreTelephony.framework; sourceTree = SDKROOT; };
		AF78DD56218A131200B0CF10 /* CoreText.framework */ = {isa = PBXFileReference; lastKnownFileType = wrapper.framework; name = CoreText.framework; path = System/Library/Frameworks/CoreText.framework; sourceTree = SDKROOT; };
		AF78DD58218A131900B0CF10 /* GLKit.framework */ = {isa = PBXFileReference; lastKnownFileType = wrapper.framework; name = GLKit.framework; path = System/Library/Frameworks/GLKit.framework; sourceTree = SDKROOT; };
		AF78DD5A218A132000B0CF10 /* ImageIO.framework */ = {isa = PBXFileReference; lastKnownFileType = wrapper.framework; name = ImageIO.framework; path = System/Library/Frameworks/ImageIO.framework; sourceTree = SDKROOT; };
		AF78DD5C218A133400B0CF10 /* libc++.tbd */ = {isa = PBXFileReference; lastKnownFileType = "sourcecode.text-based-dylib-definition"; name = "libc++.tbd"; path = "usr/lib/libc++.tbd"; sourceTree = SDKROOT; };
		AF78DD5E218A134000B0CF10 /* libz.tbd */ = {isa = PBXFileReference; lastKnownFileType = "sourcecode.text-based-dylib-definition"; name = libz.tbd; path = usr/lib/libz.tbd; sourceTree = SDKROOT; };
		AF78DD60218A134800B0CF10 /* OpenGLES.framework */ = {isa = PBXFileReference; lastKnownFileType = wrapper.framework; name = OpenGLES.framework; path = System/Library/Frameworks/OpenGLES.framework; sourceTree = SDKROOT; };
		AF78DD62218A135000B0CF10 /* QuartzCore.framework */ = {isa = PBXFileReference; lastKnownFileType = wrapper.framework; name = QuartzCore.framework; path = System/Library/Frameworks/QuartzCore.framework; sourceTree = SDKROOT; };
		AF78DD64218A135700B0CF10 /* SystemConfiguration.framework */ = {isa = PBXFileReference; lastKnownFileType = wrapper.framework; name = SystemConfiguration.framework; path = System/Library/Frameworks/SystemConfiguration.framework; sourceTree = SDKROOT; };
		AF78DD66218A136200B0CF10 /* UIKit.framework */ = {isa = PBXFileReference; lastKnownFileType = wrapper.framework; name = UIKit.framework; path = System/Library/Frameworks/UIKit.framework; sourceTree = SDKROOT; };
		AF78DD91218B759500B0CF10 /* RestAPIManager.swift */ = {isa = PBXFileReference; lastKnownFileType = sourcecode.swift; path = RestAPIManager.swift; sourceTree = "<group>"; };
		AFAF5FAE21EF8DC300E29FD1 /* roboto-condensed.regular.ttf */ = {isa = PBXFileReference; lastKnownFileType = file; path = "roboto-condensed.regular.ttf"; sourceTree = "<group>"; };
		AFAF5FAF21EF8DE800E29FD1 /* roboto-condensed.light.ttf */ = {isa = PBXFileReference; lastKnownFileType = file; path = "roboto-condensed.light.ttf"; sourceTree = "<group>"; };
		C72385D4ED204E3E11D145AB /* Pods-Engagingu.debug.xcconfig */ = {isa = PBXFileReference; includeInIndex = 1; lastKnownFileType = text.xcconfig; name = "Pods-Engagingu.debug.xcconfig"; path = "Pods/Target Support Files/Pods-Engagingu/Pods-Engagingu.debug.xcconfig"; sourceTree = "<group>"; };
		DF573A3D860BDBBA777F2706 /* Pods-EngaginguUITests.debug.xcconfig */ = {isa = PBXFileReference; includeInIndex = 1; lastKnownFileType = text.xcconfig; name = "Pods-EngaginguUITests.debug.xcconfig"; path = "Pods/Target Support Files/Pods-EngaginguUITests/Pods-EngaginguUITests.debug.xcconfig"; sourceTree = "<group>"; };
		E106B49921C3BE35001DEB88 /* Podfile */ = {isa = PBXFileReference; fileEncoding = 4; lastKnownFileType = text; path = Podfile; sourceTree = SOURCE_ROOT; };
		E10D9FB321DF042900C6D682 /* SubmissionViewController.swift */ = {isa = PBXFileReference; lastKnownFileType = sourcecode.swift; path = SubmissionViewController.swift; sourceTree = "<group>"; };
		E124529121F8B9E20036AC87 /* AnagramViewController.swift */ = {isa = PBXFileReference; lastKnownFileType = sourcecode.swift; path = AnagramViewController.swift; sourceTree = "<group>"; };
		E12FEF9E21F094440074F877 /* Info.plist */ = {isa = PBXFileReference; fileEncoding = 4; lastKnownFileType = text.plist.xml; path = Info.plist; sourceTree = "<group>"; };
		E12FEFA021F1D9B10074F877 /* LeaderboardController.swift */ = {isa = PBXFileReference; lastKnownFileType = sourcecode.swift; path = LeaderboardController.swift; sourceTree = "<group>"; };
		E12FEFA221F2ECFA0074F877 /* ActivityFeedController.swift */ = {isa = PBXFileReference; lastKnownFileType = sourcecode.swift; path = ActivityFeedController.swift; sourceTree = "<group>"; };
		E12FEFA421F2F3090074F877 /* LeaderboardTableViewCell.swift */ = {isa = PBXFileReference; lastKnownFileType = sourcecode.swift; path = LeaderboardTableViewCell.swift; sourceTree = "<group>"; };
		E12FEFA621F2F3210074F877 /* ActivityFeedTableViewCell.swift */ = {isa = PBXFileReference; lastKnownFileType = sourcecode.swift; path = ActivityFeedTableViewCell.swift; sourceTree = "<group>"; };
		E12FEFA821F2FDD50074F877 /* SocketHandler.swift */ = {isa = PBXFileReference; lastKnownFileType = sourcecode.swift; path = SocketHandler.swift; sourceTree = "<group>"; };
		E1461DCB22269D5900928BBE /* Engagingu.entitlements */ = {isa = PBXFileReference; lastKnownFileType = text.plist.entitlements; path = Engagingu.entitlements; sourceTree = "<group>"; };
		E1500BC521EECB0F0032E8FA /* SubmissionPopUpController.swift */ = {isa = PBXFileReference; lastKnownFileType = sourcecode.swift; path = SubmissionPopUpController.swift; sourceTree = "<group>"; };
		E176A13D21C1487F005A5C30 /* TabBarController.swift */ = {isa = PBXFileReference; lastKnownFileType = sourcecode.swift; path = TabBarController.swift; sourceTree = "<group>"; };
		E176A14121C290E1005A5C30 /* QuizViewController.swift */ = {isa = PBXFileReference; lastKnownFileType = sourcecode.swift; path = QuizViewController.swift; sourceTree = "<group>"; };
		E176A14321C2936D005A5C30 /* NarrativeViewController.swift */ = {isa = PBXFileReference; lastKnownFileType = sourcecode.swift; path = NarrativeViewController.swift; sourceTree = "<group>"; };
		E1843793221ECB8A008A1EA9 /* FAQController.swift */ = {isa = PBXFileReference; fileEncoding = 4; lastKnownFileType = sourcecode.swift; path = FAQController.swift; sourceTree = "<group>"; };
		E1A67DE221913DC300581D1C /* InstanceDAO.swift */ = {isa = PBXFileReference; lastKnownFileType = sourcecode.swift; path = InstanceDAO.swift; sourceTree = "<group>"; };
		E1A67DE821944C6B00581D1C /* TeamAllocationController.swift */ = {isa = PBXFileReference; lastKnownFileType = sourcecode.swift; path = TeamAllocationController.swift; sourceTree = "<group>"; };
		E1B5927F21E597E600643DF7 /* SubmissionTableViewCell.swift */ = {isa = PBXFileReference; lastKnownFileType = sourcecode.swift; path = SubmissionTableViewCell.swift; sourceTree = "<group>"; };
		E1DE91D1219085D70035ED9C /* Base */ = {isa = PBXFileReference; lastKnownFileType = file.storyboard; name = Base; path = Base.lproj/Main.storyboard; sourceTree = "<group>"; };
		E1E945C522015C0B005E7E1A /* DragAndDropController.swift */ = {isa = PBXFileReference; fileEncoding = 4; lastKnownFileType = sourcecode.swift; path = DragAndDropController.swift; sourceTree = "<group>"; };
		E1F5132621BFA05700964726 /* Assets.xcassets */ = {isa = PBXFileReference; lastKnownFileType = folder.assetcatalog; path = Assets.xcassets; sourceTree = "<group>"; };
		E1F5133721BFC24B00964726 /* MapController.swift */ = {isa = PBXFileReference; lastKnownFileType = sourcecode.swift; path = MapController.swift; sourceTree = "<group>"; };
		E7D6C2F4782D9AAC5A1258D8 /* Pods_EngaginguTests.framework */ = {isa = PBXFileReference; explicitFileType = wrapper.framework; includeInIndex = 0; path = Pods_EngaginguTests.framework; sourceTree = BUILT_PRODUCTS_DIR; };
		F218129057F039B1BDFE358B /* Pods_EngaginguUITests.framework */ = {isa = PBXFileReference; explicitFileType = wrapper.framework; includeInIndex = 0; path = Pods_EngaginguUITests.framework; sourceTree = BUILT_PRODUCTS_DIR; };
		F4C0239EBCDBFE696EF0075C /* Pods-EngaginguTests.debug.xcconfig */ = {isa = PBXFileReference; includeInIndex = 1; lastKnownFileType = text.xcconfig; name = "Pods-EngaginguTests.debug.xcconfig"; path = "Pods/Target Support Files/Pods-EngaginguTests/Pods-EngaginguTests.debug.xcconfig"; sourceTree = "<group>"; };
/* End PBXFileReference section */

/* Begin PBXFrameworksBuildPhase section */
		AF78DD052189878A00B0CF10 /* Frameworks */ = {
			isa = PBXFrameworksBuildPhase;
			buildActionMask = 2147483647;
			files = (
				AF78DD67218A136200B0CF10 /* UIKit.framework in Frameworks */,
				AF78DD65218A135700B0CF10 /* SystemConfiguration.framework in Frameworks */,
				AF78DD63218A135000B0CF10 /* QuartzCore.framework in Frameworks */,
				AF78DD61218A134800B0CF10 /* OpenGLES.framework in Frameworks */,
				AF78DD5F218A134000B0CF10 /* libz.tbd in Frameworks */,
				AF78DD5D218A133400B0CF10 /* libc++.tbd in Frameworks */,
				AF78DD5B218A132100B0CF10 /* ImageIO.framework in Frameworks */,
				AF78DD59218A131900B0CF10 /* GLKit.framework in Frameworks */,
				AF78DD57218A131200B0CF10 /* CoreText.framework in Frameworks */,
				AF78DD55218A130800B0CF10 /* CoreTelephony.framework in Frameworks */,
				AF78DD53218A130000B0CF10 /* CoreLocation.framework in Frameworks */,
				AF78DD51218A12F800B0CF10 /* CoreImage.framework in Frameworks */,
				AF78DD4F218A129400B0CF10 /* CoreData.framework in Frameworks */,
				AF78DD4D218A128500B0CF10 /* CoreGraphics.framework in Frameworks */,
				AF78DD4B218A126900B0CF10 /* Accelerate.framework in Frameworks */,
				08FC480384A78EFC8E4A4E15 /* Pods_Engagingu.framework in Frameworks */,
			);
			runOnlyForDeploymentPostprocessing = 0;
		};
		AF78DD192189879600B0CF10 /* Frameworks */ = {
			isa = PBXFrameworksBuildPhase;
			buildActionMask = 2147483647;
			files = (
				044FABC16162CC4BA90F6B0F /* Pods_EngaginguTests.framework in Frameworks */,
			);
			runOnlyForDeploymentPostprocessing = 0;
		};
		AF78DD242189879600B0CF10 /* Frameworks */ = {
			isa = PBXFrameworksBuildPhase;
			buildActionMask = 2147483647;
			files = (
				5D31BF4900488589D5682B03 /* Pods_EngaginguUITests.framework in Frameworks */,
			);
			runOnlyForDeploymentPostprocessing = 0;
		};
/* End PBXFrameworksBuildPhase section */

/* Begin PBXGroup section */
		4E44F6E38A76A86833DE4375 /* Pods */ = {
			isa = PBXGroup;
			children = (
				C72385D4ED204E3E11D145AB /* Pods-Engagingu.debug.xcconfig */,
				9E4318A0C78FB865C1DE9961 /* Pods-Engagingu.release.xcconfig */,
				F4C0239EBCDBFE696EF0075C /* Pods-EngaginguTests.debug.xcconfig */,
				8251D569449EA94536524B3F /* Pods-EngaginguTests.release.xcconfig */,
				DF573A3D860BDBBA777F2706 /* Pods-EngaginguUITests.debug.xcconfig */,
				85DE15961F91F3EEAF32347C /* Pods-EngaginguUITests.release.xcconfig */,
			);
			name = Pods;
			sourceTree = "<group>";
		};
		AF78DCFF2189878A00B0CF10 = {
			isa = PBXGroup;
			children = (
				AF78DD0A2189878A00B0CF10 /* Engagingu */,
				E1F5133221BFA09B00964726 /* Assets */,
				AF78DD1F2189879600B0CF10 /* EngaginguTests */,
				AF78DD2A2189879600B0CF10 /* EngaginguUITests */,
				AF78DD092189878A00B0CF10 /* Products */,
				AF78DD49218A126800B0CF10 /* Frameworks */,
				4E44F6E38A76A86833DE4375 /* Pods */,
				AFAF5F9C21EF8D0600E29FD1 /* Fonts */,
			);
			sourceTree = "<group>";
		};
		AF78DD092189878A00B0CF10 /* Products */ = {
			isa = PBXGroup;
			children = (
				AF78DD082189878A00B0CF10 /* Engagingu.app */,
				AF78DD1C2189879600B0CF10 /* EngaginguTests.xctest */,
				AF78DD272189879600B0CF10 /* EngaginguUITests.xctest */,
			);
			name = Products;
			sourceTree = "<group>";
		};
		AF78DD0A2189878A00B0CF10 /* Engagingu */ = {
			isa = PBXGroup;
			children = (
				E1461DCB22269D5900928BBE /* Engagingu.entitlements */,
				E12FEF9E21F094440074F877 /* Info.plist */,
				E106B49921C3BE35001DEB88 /* Podfile */,
				E1A67DE121913C9200581D1C /* Model */,
				E1A67DE021913C3100581D1C /* View */,
				E1A67DDF21913C0500581D1C /* Controller */,
				AF78DD0B2189878A00B0CF10 /* AppDelegate.swift */,
			);
			path = Engagingu;
			sourceTree = "<group>";
		};
		AF78DD1F2189879600B0CF10 /* EngaginguTests */ = {
			isa = PBXGroup;
			children = (
				AF78DD202189879600B0CF10 /* EngaginguTests.swift */,
				AF78DD222189879600B0CF10 /* Info.plist */,
			);
			path = EngaginguTests;
			sourceTree = "<group>";
		};
		AF78DD2A2189879600B0CF10 /* EngaginguUITests */ = {
			isa = PBXGroup;
			children = (
				AF78DD2B2189879600B0CF10 /* EngaginguUITests.swift */,
				AF78DD2D2189879600B0CF10 /* Info.plist */,
			);
			path = EngaginguUITests;
			sourceTree = "<group>";
		};
		AF78DD49218A126800B0CF10 /* Frameworks */ = {
			isa = PBXGroup;
			children = (
				AF78DD66218A136200B0CF10 /* UIKit.framework */,
				AF78DD64218A135700B0CF10 /* SystemConfiguration.framework */,
				AF78DD62218A135000B0CF10 /* QuartzCore.framework */,
				AF78DD60218A134800B0CF10 /* OpenGLES.framework */,
				AF78DD5E218A134000B0CF10 /* libz.tbd */,
				AF78DD5C218A133400B0CF10 /* libc++.tbd */,
				AF78DD5A218A132000B0CF10 /* ImageIO.framework */,
				AF78DD58218A131900B0CF10 /* GLKit.framework */,
				AF78DD56218A131200B0CF10 /* CoreText.framework */,
				AF78DD54218A130800B0CF10 /* CoreTelephony.framework */,
				AF78DD52218A130000B0CF10 /* CoreLocation.framework */,
				AF78DD50218A12F800B0CF10 /* CoreImage.framework */,
				AF78DD4E218A129400B0CF10 /* CoreData.framework */,
				AF78DD4C218A128500B0CF10 /* CoreGraphics.framework */,
				AF78DD4A218A126800B0CF10 /* Accelerate.framework */,
				23C83CB32480427436B31067 /* Pods_Engagingu.framework */,
				E7D6C2F4782D9AAC5A1258D8 /* Pods_EngaginguTests.framework */,
				F218129057F039B1BDFE358B /* Pods_EngaginguUITests.framework */,
			);
			name = Frameworks;
			sourceTree = "<group>";
		};
		AFAF5F9C21EF8D0600E29FD1 /* Fonts */ = {
			isa = PBXGroup;
			children = (
				AFAF5FAF21EF8DE800E29FD1 /* roboto-condensed.light.ttf */,
				AF2AF80721FED08F00B75A50 /* RobotoCondensed-Bold.ttf */,
				AFAF5FAE21EF8DC300E29FD1 /* roboto-condensed.regular.ttf */,
			);
			path = Fonts;
			sourceTree = SOURCE_ROOT;
		};
		E1A67DDF21913C0500581D1C /* Controller */ = {
			isa = PBXGroup;
			children = (
				E1843793221ECB8A008A1EA9 /* FAQController.swift */,
				AF6C8B3F218D4CDF006AC6C0 /* LoginTrailController.swift */,
				AF6C8B40218D4CDF006AC6C0 /* LoginNameController.swift */,
				AF3DBCEE21F7077E005FBE40 /* TutorialController.swift */,
				E1A67DE821944C6B00581D1C /* TeamAllocationController.swift */,
				E176A13D21C1487F005A5C30 /* TabBarController.swift */,
				E1F5133721BFC24B00964726 /* MapController.swift */,
				E12FEFA021F1D9B10074F877 /* LeaderboardController.swift */,
				E12FEFA421F2F3090074F877 /* LeaderboardTableViewCell.swift */,
				E12FEFA221F2ECFA0074F877 /* ActivityFeedController.swift */,
				E12FEFA621F2F3210074F877 /* ActivityFeedTableViewCell.swift */,
				E10D9FB321DF042900C6D682 /* SubmissionViewController.swift */,
				E1B5927F21E597E600643DF7 /* SubmissionTableViewCell.swift */,
				E1500BC521EECB0F0032E8FA /* SubmissionPopUpController.swift */,
				E176A14321C2936D005A5C30 /* NarrativeViewController.swift */,
				E176A14121C290E1005A5C30 /* QuizViewController.swift */,
				AF6C8B41218D4CDF006AC6C0 /* CameraViewController.swift */,
				E124529121F8B9E20036AC87 /* AnagramViewController.swift */,
				E1E945C522015C0B005E7E1A /* DragAndDropController.swift */,
				AF2AF80521FE90AA00B75A50 /* DrawingController.swift */,
				AF2AF80321FE909100B75A50 /* Pencil.swift */,
				AF51084622192ABC00EAB0FD /* WordSearchViewController.swift */,
				AF51084722192ABD00EAB0FD /* WordSearchTableViewCell.swift */,
			);
			path = Controller;
			sourceTree = "<group>";
		};
		E1A67DE021913C3100581D1C /* View */ = {
			isa = PBXGroup;
			children = (
				E1DE91D0219085D70035ED9C /* Main.storyboard */,
				AF78DD142189879600B0CF10 /* LaunchScreen.storyboard */,
			);
			path = View;
			sourceTree = "<group>";
		};
		E1A67DE121913C9200581D1C /* Model */ = {
			isa = PBXGroup;
			children = (
				AF78DD91218B759500B0CF10 /* RestAPIManager.swift */,
				E1A67DE221913DC300581D1C /* InstanceDAO.swift */,
				E12FEFA821F2FDD50074F877 /* SocketHandler.swift */,
			);
			path = Model;
			sourceTree = "<group>";
		};
		E1F5133221BFA09B00964726 /* Assets */ = {
			isa = PBXGroup;
			children = (
				E1F5132621BFA05700964726 /* Assets.xcassets */,
			);
			path = Assets;
			sourceTree = "<group>";
		};
/* End PBXGroup section */

/* Begin PBXNativeTarget section */
		AF78DD072189878A00B0CF10 /* Engagingu */ = {
			isa = PBXNativeTarget;
			buildConfigurationList = AF78DD302189879600B0CF10 /* Build configuration list for PBXNativeTarget "Engagingu" */;
			buildPhases = (
				247CABFBDF18D48FF3A5F06E /* [CP] Check Pods Manifest.lock */,
				AF78DD042189878A00B0CF10 /* Sources */,
				AF78DD052189878A00B0CF10 /* Frameworks */,
				AF78DD062189878A00B0CF10 /* Resources */,
				5F8F20421A014D0BE942B8B0 /* [CP] Copy Pods Resources */,
				69A3590463C8943F3B449A16 /* [CP] Embed Pods Frameworks */,
				E1E945C722015FD3005E7E1A /* ShellScript */,
			);
			buildRules = (
			);
			dependencies = (
			);
			name = Engagingu;
			productName = Engagingu;
			productReference = AF78DD082189878A00B0CF10 /* Engagingu.app */;
			productType = "com.apple.product-type.application";
		};
		AF78DD1B2189879600B0CF10 /* EngaginguTests */ = {
			isa = PBXNativeTarget;
			buildConfigurationList = AF78DD332189879600B0CF10 /* Build configuration list for PBXNativeTarget "EngaginguTests" */;
			buildPhases = (
				9B7169853213D57ACE704FB9 /* [CP] Check Pods Manifest.lock */,
				AF78DD182189879600B0CF10 /* Sources */,
				AF78DD192189879600B0CF10 /* Frameworks */,
				AF78DD1A2189879600B0CF10 /* Resources */,
			);
			buildRules = (
			);
			dependencies = (
				AF78DD1E2189879600B0CF10 /* PBXTargetDependency */,
			);
			name = EngaginguTests;
			productName = EngaginguTests;
			productReference = AF78DD1C2189879600B0CF10 /* EngaginguTests.xctest */;
			productType = "com.apple.product-type.bundle.unit-test";
		};
		AF78DD262189879600B0CF10 /* EngaginguUITests */ = {
			isa = PBXNativeTarget;
			buildConfigurationList = AF78DD362189879600B0CF10 /* Build configuration list for PBXNativeTarget "EngaginguUITests" */;
			buildPhases = (
				F0A73C0D83F6EF3B67FA2D39 /* [CP] Check Pods Manifest.lock */,
				AF78DD232189879600B0CF10 /* Sources */,
				AF78DD242189879600B0CF10 /* Frameworks */,
				AF78DD252189879600B0CF10 /* Resources */,
			);
			buildRules = (
			);
			dependencies = (
				AF78DD292189879600B0CF10 /* PBXTargetDependency */,
			);
			name = EngaginguUITests;
			productName = EngaginguUITests;
			productReference = AF78DD272189879600B0CF10 /* EngaginguUITests.xctest */;
			productType = "com.apple.product-type.bundle.ui-testing";
		};
/* End PBXNativeTarget section */

/* Begin PBXProject section */
		AF78DD002189878A00B0CF10 /* Project object */ = {
			isa = PBXProject;
			attributes = {
				LastSwiftUpdateCheck = 1000;
				LastUpgradeCheck = 1000;
				ORGANIZATIONNAME = Raylene;
				TargetAttributes = {
					AF78DD072189878A00B0CF10 = {
						CreatedOnToolsVersion = 10.0;
						SystemCapabilities = {
							com.apple.Push = {
								enabled = 1;
							};
						};
					};
					AF78DD1B2189879600B0CF10 = {
						CreatedOnToolsVersion = 10.0;
						TestTargetID = AF78DD072189878A00B0CF10;
					};
					AF78DD262189879600B0CF10 = {
						CreatedOnToolsVersion = 10.0;
						TestTargetID = AF78DD072189878A00B0CF10;
					};
				};
			};
			buildConfigurationList = AF78DD032189878A00B0CF10 /* Build configuration list for PBXProject "Engagingu" */;
			compatibilityVersion = "Xcode 9.3";
			developmentRegion = en;
			hasScannedForEncodings = 0;
			knownRegions = (
				en,
				Base,
			);
			mainGroup = AF78DCFF2189878A00B0CF10;
			productRefGroup = AF78DD092189878A00B0CF10 /* Products */;
			projectDirPath = "";
			projectRoot = "";
			targets = (
				AF78DD072189878A00B0CF10 /* Engagingu */,
				AF78DD1B2189879600B0CF10 /* EngaginguTests */,
				AF78DD262189879600B0CF10 /* EngaginguUITests */,
			);
		};
/* End PBXProject section */

/* Begin PBXResourcesBuildPhase section */
		AF78DD062189878A00B0CF10 /* Resources */ = {
			isa = PBXResourcesBuildPhase;
			buildActionMask = 2147483647;
			files = (
				E1DE91D2219085D70035ED9C /* Main.storyboard in Resources */,
				AF78DD162189879600B0CF10 /* LaunchScreen.storyboard in Resources */,
				E106B49A21C3BE35001DEB88 /* Podfile in Resources */,
				E1F5132721BFA05700964726 /* Assets.xcassets in Resources */,
				AF2AF80821FED09000B75A50 /* RobotoCondensed-Bold.ttf in Resources */,
				AFAF5FB021EF8DE800E29FD1 /* roboto-condensed.light.ttf in Resources */,
				AFAF5FB121EF8E0300E29FD1 /* roboto-condensed.regular.ttf in Resources */,
			);
			runOnlyForDeploymentPostprocessing = 0;
		};
		AF78DD1A2189879600B0CF10 /* Resources */ = {
			isa = PBXResourcesBuildPhase;
			buildActionMask = 2147483647;
			files = (
			);
			runOnlyForDeploymentPostprocessing = 0;
		};
		AF78DD252189879600B0CF10 /* Resources */ = {
			isa = PBXResourcesBuildPhase;
			buildActionMask = 2147483647;
			files = (
			);
			runOnlyForDeploymentPostprocessing = 0;
		};
/* End PBXResourcesBuildPhase section */

/* Begin PBXShellScriptBuildPhase section */
		247CABFBDF18D48FF3A5F06E /* [CP] Check Pods Manifest.lock */ = {
			isa = PBXShellScriptBuildPhase;
			buildActionMask = 2147483647;
			files = (
			);
			inputFileListPaths = (
			);
			inputPaths = (
				"${PODS_PODFILE_DIR_PATH}/Podfile.lock",
				"${PODS_ROOT}/Manifest.lock",
			);
			name = "[CP] Check Pods Manifest.lock";
			outputFileListPaths = (
			);
			outputPaths = (
				"$(DERIVED_FILE_DIR)/Pods-Engagingu-checkManifestLockResult.txt",
			);
			runOnlyForDeploymentPostprocessing = 0;
			shellPath = /bin/sh;
			shellScript = "diff \"${PODS_PODFILE_DIR_PATH}/Podfile.lock\" \"${PODS_ROOT}/Manifest.lock\" > /dev/null\nif [ $? != 0 ] ; then\n    # print error to STDERR\n    echo \"error: The sandbox is not in sync with the Podfile.lock. Run 'pod install' or update your CocoaPods installation.\" >&2\n    exit 1\nfi\n# This output is used by Xcode 'outputs' to avoid re-running this script phase.\necho \"SUCCESS\" > \"${SCRIPT_OUTPUT_FILE_0}\"\n";
			showEnvVarsInLog = 0;
		};
		5F8F20421A014D0BE942B8B0 /* [CP] Copy Pods Resources */ = {
			isa = PBXShellScriptBuildPhase;
			buildActionMask = 2147483647;
			files = (
			);
			inputFileListPaths = (
			);
			inputPaths = (
				"${SRCROOT}/Pods/Target Support Files/Pods-Engagingu/Pods-Engagingu-resources.sh",
				"${PODS_ROOT}/GoogleMaps/Maps/Frameworks/GoogleMaps.framework/Resources/GoogleMaps.bundle",
				"${PODS_ROOT}/GooglePlaces/Frameworks/GooglePlaces.framework/Resources/GooglePlaces.bundle",
			);
			name = "[CP] Copy Pods Resources";
			outputFileListPaths = (
			);
			outputPaths = (
				"${TARGET_BUILD_DIR}/${UNLOCALIZED_RESOURCES_FOLDER_PATH}/GoogleMaps.bundle",
				"${TARGET_BUILD_DIR}/${UNLOCALIZED_RESOURCES_FOLDER_PATH}/GooglePlaces.bundle",
			);
			runOnlyForDeploymentPostprocessing = 0;
			shellPath = /bin/sh;
			shellScript = "\"${SRCROOT}/Pods/Target Support Files/Pods-Engagingu/Pods-Engagingu-resources.sh\"\n";
			showEnvVarsInLog = 0;
		};
		69A3590463C8943F3B449A16 /* [CP] Embed Pods Frameworks */ = {
			isa = PBXShellScriptBuildPhase;
			buildActionMask = 2147483647;
			files = (
			);
			inputFileListPaths = (
			);
			inputPaths = (
				"${SRCROOT}/Pods/Target Support Files/Pods-Engagingu/Pods-Engagingu-frameworks.sh",
				"${BUILT_PRODUCTS_DIR}/Socket.IO-Client-Swift/SocketIO.framework",
				"${BUILT_PRODUCTS_DIR}/Starscream/Starscream.framework",
			);
			name = "[CP] Embed Pods Frameworks";
			outputFileListPaths = (
			);
			outputPaths = (
				"${TARGET_BUILD_DIR}/${FRAMEWORKS_FOLDER_PATH}/SocketIO.framework",
				"${TARGET_BUILD_DIR}/${FRAMEWORKS_FOLDER_PATH}/Starscream.framework",
			);
			runOnlyForDeploymentPostprocessing = 0;
			shellPath = /bin/sh;
			shellScript = "\"${SRCROOT}/Pods/Target Support Files/Pods-Engagingu/Pods-Engagingu-frameworks.sh\"\n";
			showEnvVarsInLog = 0;
		};
		9B7169853213D57ACE704FB9 /* [CP] Check Pods Manifest.lock */ = {
			isa = PBXShellScriptBuildPhase;
			buildActionMask = 2147483647;
			files = (
			);
			inputFileListPaths = (
			);
			inputPaths = (
				"${PODS_PODFILE_DIR_PATH}/Podfile.lock",
				"${PODS_ROOT}/Manifest.lock",
			);
			name = "[CP] Check Pods Manifest.lock";
			outputFileListPaths = (
			);
			outputPaths = (
				"$(DERIVED_FILE_DIR)/Pods-EngaginguTests-checkManifestLockResult.txt",
			);
			runOnlyForDeploymentPostprocessing = 0;
			shellPath = /bin/sh;
			shellScript = "diff \"${PODS_PODFILE_DIR_PATH}/Podfile.lock\" \"${PODS_ROOT}/Manifest.lock\" > /dev/null\nif [ $? != 0 ] ; then\n    # print error to STDERR\n    echo \"error: The sandbox is not in sync with the Podfile.lock. Run 'pod install' or update your CocoaPods installation.\" >&2\n    exit 1\nfi\n# This output is used by Xcode 'outputs' to avoid re-running this script phase.\necho \"SUCCESS\" > \"${SCRIPT_OUTPUT_FILE_0}\"\n";
			showEnvVarsInLog = 0;
		};
		E1E945C722015FD3005E7E1A /* ShellScript */ = {
			isa = PBXShellScriptBuildPhase;
			buildActionMask = 2147483647;
			files = (
			);
			inputFileListPaths = (
			);
			inputPaths = (
			);
			outputFileListPaths = (
			);
			outputPaths = (
			);
			runOnlyForDeploymentPostprocessing = 0;
			shellPath = /bin/sh;
			shellScript = "# Type a script or drag a script file from your workspace to insert its path.\n# ${PODS_ROOT}/SwiftLint/swiftlint\n";
		};
		F0A73C0D83F6EF3B67FA2D39 /* [CP] Check Pods Manifest.lock */ = {
			isa = PBXShellScriptBuildPhase;
			buildActionMask = 2147483647;
			files = (
			);
			inputFileListPaths = (
			);
			inputPaths = (
				"${PODS_PODFILE_DIR_PATH}/Podfile.lock",
				"${PODS_ROOT}/Manifest.lock",
			);
			name = "[CP] Check Pods Manifest.lock";
			outputFileListPaths = (
			);
			outputPaths = (
				"$(DERIVED_FILE_DIR)/Pods-EngaginguUITests-checkManifestLockResult.txt",
			);
			runOnlyForDeploymentPostprocessing = 0;
			shellPath = /bin/sh;
			shellScript = "diff \"${PODS_PODFILE_DIR_PATH}/Podfile.lock\" \"${PODS_ROOT}/Manifest.lock\" > /dev/null\nif [ $? != 0 ] ; then\n    # print error to STDERR\n    echo \"error: The sandbox is not in sync with the Podfile.lock. Run 'pod install' or update your CocoaPods installation.\" >&2\n    exit 1\nfi\n# This output is used by Xcode 'outputs' to avoid re-running this script phase.\necho \"SUCCESS\" > \"${SCRIPT_OUTPUT_FILE_0}\"\n";
			showEnvVarsInLog = 0;
		};
/* End PBXShellScriptBuildPhase section */

/* Begin PBXSourcesBuildPhase section */
		AF78DD042189878A00B0CF10 /* Sources */ = {
			isa = PBXSourcesBuildPhase;
			buildActionMask = 2147483647;
			files = (
				AF6C8B43218D4CDF006AC6C0 /* LoginNameController.swift in Sources */,
				AF6C8B42218D4CDF006AC6C0 /* LoginTrailController.swift in Sources */,
				E1500BC621EECB0F0032E8FA /* SubmissionPopUpController.swift in Sources */,
				AF78DD0C2189878A00B0CF10 /* AppDelegate.swift in Sources */,
				AF51084822192ABD00EAB0FD /* WordSearchViewController.swift in Sources */,
				E176A14221C290E1005A5C30 /* QuizViewController.swift in Sources */,
				E176A13E21C1487F005A5C30 /* TabBarController.swift in Sources */,
				AF78DD92218B759500B0CF10 /* RestAPIManager.swift in Sources */,
				E1A67DE921944C6B00581D1C /* TeamAllocationController.swift in Sources */,
				E12FEFA721F2F3210074F877 /* ActivityFeedTableViewCell.swift in Sources */,
				E1A67DE321913DC300581D1C /* InstanceDAO.swift in Sources */,
				E12FEFA521F2F3090074F877 /* LeaderboardTableViewCell.swift in Sources */,
				AF3DBCEF21F7077E005FBE40 /* TutorialController.swift in Sources */,
				E10D9FB421DF042900C6D682 /* SubmissionViewController.swift in Sources */,
				E1F5133821BFC24B00964726 /* MapController.swift in Sources */,
				E124529221F8B9E20036AC87 /* AnagramViewController.swift in Sources */,
				AF2AF80621FE90AA00B75A50 /* DrawingController.swift in Sources */,
				E1843794221ECB8A008A1EA9 /* FAQController.swift in Sources */,
				E1E945C622015C0B005E7E1A /* DragAndDropController.swift in Sources */,
				AF2AF80421FE909200B75A50 /* Pencil.swift in Sources */,
				AF6C8B44218D4CDF006AC6C0 /* CameraViewController.swift in Sources */,
				E1B5928021E597E600643DF7 /* SubmissionTableViewCell.swift in Sources */,
				E12FEFA321F2ECFA0074F877 /* ActivityFeedController.swift in Sources */,
				E176A14421C2936D005A5C30 /* NarrativeViewController.swift in Sources */,
				E12FEFA121F1D9B10074F877 /* LeaderboardController.swift in Sources */,
				E12FEFA921F2FDD50074F877 /* SocketHandler.swift in Sources */,
				AF51084922192ABD00EAB0FD /* WordSearchTableViewCell.swift in Sources */,
			);
			runOnlyForDeploymentPostprocessing = 0;
		};
		AF78DD182189879600B0CF10 /* Sources */ = {
			isa = PBXSourcesBuildPhase;
			buildActionMask = 2147483647;
			files = (
				AF78DD212189879600B0CF10 /* EngaginguTests.swift in Sources */,
			);
			runOnlyForDeploymentPostprocessing = 0;
		};
		AF78DD232189879600B0CF10 /* Sources */ = {
			isa = PBXSourcesBuildPhase;
			buildActionMask = 2147483647;
			files = (
				AF78DD2C2189879600B0CF10 /* EngaginguUITests.swift in Sources */,
			);
			runOnlyForDeploymentPostprocessing = 0;
		};
/* End PBXSourcesBuildPhase section */

/* Begin PBXTargetDependency section */
		AF78DD1E2189879600B0CF10 /* PBXTargetDependency */ = {
			isa = PBXTargetDependency;
			target = AF78DD072189878A00B0CF10 /* Engagingu */;
			targetProxy = AF78DD1D2189879600B0CF10 /* PBXContainerItemProxy */;
		};
		AF78DD292189879600B0CF10 /* PBXTargetDependency */ = {
			isa = PBXTargetDependency;
			target = AF78DD072189878A00B0CF10 /* Engagingu */;
			targetProxy = AF78DD282189879600B0CF10 /* PBXContainerItemProxy */;
		};
/* End PBXTargetDependency section */

/* Begin PBXVariantGroup section */
		AF78DD142189879600B0CF10 /* LaunchScreen.storyboard */ = {
			isa = PBXVariantGroup;
			children = (
				AF78DD152189879600B0CF10 /* Base */,
			);
			name = LaunchScreen.storyboard;
			sourceTree = "<group>";
		};
		E1DE91D0219085D70035ED9C /* Main.storyboard */ = {
			isa = PBXVariantGroup;
			children = (
				E1DE91D1219085D70035ED9C /* Base */,
			);
			name = Main.storyboard;
			sourceTree = "<group>";
		};
/* End PBXVariantGroup section */

/* Begin XCBuildConfiguration section */
		AF78DD2E2189879600B0CF10 /* Debug */ = {
			isa = XCBuildConfiguration;
			buildSettings = {
				ALWAYS_SEARCH_USER_PATHS = NO;
				CLANG_ANALYZER_NONNULL = YES;
				CLANG_ANALYZER_NUMBER_OBJECT_CONVERSION = YES_AGGRESSIVE;
				CLANG_CXX_LANGUAGE_STANDARD = "gnu++14";
				CLANG_CXX_LIBRARY = "libc++";
				CLANG_ENABLE_MODULES = YES;
				CLANG_ENABLE_OBJC_ARC = YES;
				CLANG_ENABLE_OBJC_WEAK = YES;
				CLANG_WARN_BLOCK_CAPTURE_AUTORELEASING = YES;
				CLANG_WARN_BOOL_CONVERSION = YES;
				CLANG_WARN_COMMA = YES;
				CLANG_WARN_CONSTANT_CONVERSION = YES;
				CLANG_WARN_DEPRECATED_OBJC_IMPLEMENTATIONS = YES;
				CLANG_WARN_DIRECT_OBJC_ISA_USAGE = YES_ERROR;
				CLANG_WARN_DOCUMENTATION_COMMENTS = YES;
				CLANG_WARN_EMPTY_BODY = YES;
				CLANG_WARN_ENUM_CONVERSION = YES;
				CLANG_WARN_INFINITE_RECURSION = YES;
				CLANG_WARN_INT_CONVERSION = YES;
				CLANG_WARN_NON_LITERAL_NULL_CONVERSION = YES;
				CLANG_WARN_OBJC_IMPLICIT_RETAIN_SELF = YES;
				CLANG_WARN_OBJC_LITERAL_CONVERSION = YES;
				CLANG_WARN_OBJC_ROOT_CLASS = YES_ERROR;
				CLANG_WARN_RANGE_LOOP_ANALYSIS = YES;
				CLANG_WARN_STRICT_PROTOTYPES = YES;
				CLANG_WARN_SUSPICIOUS_MOVE = YES;
				CLANG_WARN_UNGUARDED_AVAILABILITY = YES_AGGRESSIVE;
				CLANG_WARN_UNREACHABLE_CODE = YES;
				CLANG_WARN__DUPLICATE_METHOD_MATCH = YES;
				CODE_SIGN_IDENTITY = "iPhone Developer";
				COPY_PHASE_STRIP = NO;
				DEBUG_INFORMATION_FORMAT = dwarf;
				ENABLE_STRICT_OBJC_MSGSEND = YES;
				ENABLE_TESTABILITY = YES;
				GCC_C_LANGUAGE_STANDARD = gnu11;
				GCC_DYNAMIC_NO_PIC = NO;
				GCC_NO_COMMON_BLOCKS = YES;
				GCC_OPTIMIZATION_LEVEL = 0;
				GCC_PREPROCESSOR_DEFINITIONS = (
					"DEBUG=1",
					"$(inherited)",
				);
				GCC_WARN_64_TO_32_BIT_CONVERSION = YES;
				GCC_WARN_ABOUT_RETURN_TYPE = YES_ERROR;
				GCC_WARN_UNDECLARED_SELECTOR = YES;
				GCC_WARN_UNINITIALIZED_AUTOS = YES_AGGRESSIVE;
				GCC_WARN_UNUSED_FUNCTION = YES;
				GCC_WARN_UNUSED_VARIABLE = YES;
				IPHONEOS_DEPLOYMENT_TARGET = 9.0;
				MTL_ENABLE_DEBUG_INFO = INCLUDE_SOURCE;
				MTL_FAST_MATH = YES;
				ONLY_ACTIVE_ARCH = YES;
				SDKROOT = iphoneos;
				SWIFT_ACTIVE_COMPILATION_CONDITIONS = DEBUG;
				SWIFT_OPTIMIZATION_LEVEL = "-Onone";
			};
			name = Debug;
		};
		AF78DD2F2189879600B0CF10 /* Release */ = {
			isa = XCBuildConfiguration;
			buildSettings = {
				ALWAYS_SEARCH_USER_PATHS = NO;
				CLANG_ANALYZER_NONNULL = YES;
				CLANG_ANALYZER_NUMBER_OBJECT_CONVERSION = YES_AGGRESSIVE;
				CLANG_CXX_LANGUAGE_STANDARD = "gnu++14";
				CLANG_CXX_LIBRARY = "libc++";
				CLANG_ENABLE_MODULES = YES;
				CLANG_ENABLE_OBJC_ARC = YES;
				CLANG_ENABLE_OBJC_WEAK = YES;
				CLANG_WARN_BLOCK_CAPTURE_AUTORELEASING = YES;
				CLANG_WARN_BOOL_CONVERSION = YES;
				CLANG_WARN_COMMA = YES;
				CLANG_WARN_CONSTANT_CONVERSION = YES;
				CLANG_WARN_DEPRECATED_OBJC_IMPLEMENTATIONS = YES;
				CLANG_WARN_DIRECT_OBJC_ISA_USAGE = YES_ERROR;
				CLANG_WARN_DOCUMENTATION_COMMENTS = YES;
				CLANG_WARN_EMPTY_BODY = YES;
				CLANG_WARN_ENUM_CONVERSION = YES;
				CLANG_WARN_INFINITE_RECURSION = YES;
				CLANG_WARN_INT_CONVERSION = YES;
				CLANG_WARN_NON_LITERAL_NULL_CONVERSION = YES;
				CLANG_WARN_OBJC_IMPLICIT_RETAIN_SELF = YES;
				CLANG_WARN_OBJC_LITERAL_CONVERSION = YES;
				CLANG_WARN_OBJC_ROOT_CLASS = YES_ERROR;
				CLANG_WARN_RANGE_LOOP_ANALYSIS = YES;
				CLANG_WARN_STRICT_PROTOTYPES = YES;
				CLANG_WARN_SUSPICIOUS_MOVE = YES;
				CLANG_WARN_UNGUARDED_AVAILABILITY = YES_AGGRESSIVE;
				CLANG_WARN_UNREACHABLE_CODE = YES;
				CLANG_WARN__DUPLICATE_METHOD_MATCH = YES;
				CODE_SIGN_IDENTITY = "iPhone Developer";
				COPY_PHASE_STRIP = NO;
				DEBUG_INFORMATION_FORMAT = "dwarf-with-dsym";
				ENABLE_NS_ASSERTIONS = NO;
				ENABLE_STRICT_OBJC_MSGSEND = YES;
				GCC_C_LANGUAGE_STANDARD = gnu11;
				GCC_NO_COMMON_BLOCKS = YES;
				GCC_WARN_64_TO_32_BIT_CONVERSION = YES;
				GCC_WARN_ABOUT_RETURN_TYPE = YES_ERROR;
				GCC_WARN_UNDECLARED_SELECTOR = YES;
				GCC_WARN_UNINITIALIZED_AUTOS = YES_AGGRESSIVE;
				GCC_WARN_UNUSED_FUNCTION = YES;
				GCC_WARN_UNUSED_VARIABLE = YES;
				IPHONEOS_DEPLOYMENT_TARGET = 9.0;
				MTL_ENABLE_DEBUG_INFO = NO;
				MTL_FAST_MATH = YES;
				SDKROOT = iphoneos;
				SWIFT_COMPILATION_MODE = wholemodule;
				SWIFT_OPTIMIZATION_LEVEL = "-O";
				VALIDATE_PRODUCT = YES;
			};
			name = Release;
		};
		AF78DD312189879600B0CF10 /* Debug */ = {
			isa = XCBuildConfiguration;
			baseConfigurationReference = C72385D4ED204E3E11D145AB /* Pods-Engagingu.debug.xcconfig */;
			buildSettings = {
				ASSETCATALOG_COMPILER_APPICON_NAME = AppIcon;
				CODE_SIGN_ENTITLEMENTS = Engagingu/Engagingu.entitlements;
				CODE_SIGN_STYLE = Automatic;
				DEVELOPMENT_TEAM = JHPCBWHV79;
				FRAMEWORK_SEARCH_PATHS = "$(inherited)";
				INFOPLIST_FILE = Engagingu/Info.plist;
				IPHONEOS_DEPLOYMENT_TARGET = 11.0;
				LD_RUNPATH_SEARCH_PATHS = (
					"$(inherited)",
					"@executable_path/Frameworks",
				);
				OTHER_LDFLAGS = (
					"-ObjC",
					"$(inherited)",
				);
				PRODUCT_BUNDLE_IDENTIFIER = com.SMUHR.EngagingUApp;
				PRODUCT_NAME = "$(TARGET_NAME)";
				SWIFT_VERSION = 4.2;
				TARGETED_DEVICE_FAMILY = "1,2";
			};
			name = Debug;
		};
		AF78DD322189879600B0CF10 /* Release */ = {
			isa = XCBuildConfiguration;
			baseConfigurationReference = 9E4318A0C78FB865C1DE9961 /* Pods-Engagingu.release.xcconfig */;
			buildSettings = {
				ASSETCATALOG_COMPILER_APPICON_NAME = AppIcon;
				CODE_SIGN_ENTITLEMENTS = Engagingu/Engagingu.entitlements;
				CODE_SIGN_STYLE = Automatic;
				DEVELOPMENT_TEAM = JHPCBWHV79;
				FRAMEWORK_SEARCH_PATHS = "$(inherited)";
				INFOPLIST_FILE = Engagingu/Info.plist;
				IPHONEOS_DEPLOYMENT_TARGET = 11.0;
				LD_RUNPATH_SEARCH_PATHS = (
					"$(inherited)",
					"@executable_path/Frameworks",
				);
				OTHER_LDFLAGS = (
					"-ObjC",
					"$(inherited)",
				);
				PRODUCT_BUNDLE_IDENTIFIER = com.SMUHR.EngagingUApp;
				PRODUCT_NAME = "$(TARGET_NAME)";
				SWIFT_VERSION = 4.2;
				TARGETED_DEVICE_FAMILY = "1,2";
			};
			name = Release;
		};
		AF78DD342189879600B0CF10 /* Debug */ = {
			isa = XCBuildConfiguration;
			baseConfigurationReference = F4C0239EBCDBFE696EF0075C /* Pods-EngaginguTests.debug.xcconfig */;
			buildSettings = {
				ALWAYS_EMBED_SWIFT_STANDARD_LIBRARIES = YES;
				BUNDLE_LOADER = "$(TEST_HOST)";
				CODE_SIGN_STYLE = Automatic;
				DEVELOPMENT_TEAM = GT3T367JA4;
				FRAMEWORK_SEARCH_PATHS = (
					"$(inherited)",
					"$(PROJECT_DIR)",
				);
				INFOPLIST_FILE = EngaginguTests/Info.plist;
				LD_RUNPATH_SEARCH_PATHS = (
					"$(inherited)",
					"@executable_path/Frameworks",
					"@loader_path/Frameworks",
				);
				PRODUCT_BUNDLE_IDENTIFIER = com.SMU.EngaginguTests;
				PRODUCT_NAME = "$(TARGET_NAME)";
				SWIFT_VERSION = 4.2;
				TARGETED_DEVICE_FAMILY = "1,2";
				TEST_HOST = "$(BUILT_PRODUCTS_DIR)/Engagingu.app/Engagingu";
			};
			name = Debug;
		};
		AF78DD352189879600B0CF10 /* Release */ = {
			isa = XCBuildConfiguration;
			baseConfigurationReference = 8251D569449EA94536524B3F /* Pods-EngaginguTests.release.xcconfig */;
			buildSettings = {
				ALWAYS_EMBED_SWIFT_STANDARD_LIBRARIES = YES;
				BUNDLE_LOADER = "$(TEST_HOST)";
				CODE_SIGN_STYLE = Automatic;
				DEVELOPMENT_TEAM = GT3T367JA4;
				FRAMEWORK_SEARCH_PATHS = (
					"$(inherited)",
					"$(PROJECT_DIR)",
				);
				INFOPLIST_FILE = EngaginguTests/Info.plist;
				LD_RUNPATH_SEARCH_PATHS = (
					"$(inherited)",
					"@executable_path/Frameworks",
					"@loader_path/Frameworks",
				);
				PRODUCT_BUNDLE_IDENTIFIER = com.SMU.EngaginguTests;
				PRODUCT_NAME = "$(TARGET_NAME)";
				SWIFT_VERSION = 4.2;
				TARGETED_DEVICE_FAMILY = "1,2";
				TEST_HOST = "$(BUILT_PRODUCTS_DIR)/Engagingu.app/Engagingu";
			};
			name = Release;
		};
		AF78DD372189879600B0CF10 /* Debug */ = {
			isa = XCBuildConfiguration;
			baseConfigurationReference = DF573A3D860BDBBA777F2706 /* Pods-EngaginguUITests.debug.xcconfig */;
			buildSettings = {
				ALWAYS_EMBED_SWIFT_STANDARD_LIBRARIES = YES;
				CODE_SIGN_STYLE = Automatic;
				DEVELOPMENT_TEAM = GT3T367JA4;
				FRAMEWORK_SEARCH_PATHS = (
					"$(inherited)",
					"$(PROJECT_DIR)",
				);
				INFOPLIST_FILE = EngaginguUITests/Info.plist;
				LD_RUNPATH_SEARCH_PATHS = (
					"$(inherited)",
					"@executable_path/Frameworks",
					"@loader_path/Frameworks",
				);
				PRODUCT_BUNDLE_IDENTIFIER = com.SMU.EngaginguUITests;
				PRODUCT_NAME = "$(TARGET_NAME)";
				SWIFT_VERSION = 4.2;
				TARGETED_DEVICE_FAMILY = "1,2";
				TEST_TARGET_NAME = Engagingu;
			};
			name = Debug;
		};
		AF78DD382189879600B0CF10 /* Release */ = {
			isa = XCBuildConfiguration;
			baseConfigurationReference = 85DE15961F91F3EEAF32347C /* Pods-EngaginguUITests.release.xcconfig */;
			buildSettings = {
				ALWAYS_EMBED_SWIFT_STANDARD_LIBRARIES = YES;
				CODE_SIGN_STYLE = Automatic;
				DEVELOPMENT_TEAM = GT3T367JA4;
				FRAMEWORK_SEARCH_PATHS = (
					"$(inherited)",
					"$(PROJECT_DIR)",
				);
				INFOPLIST_FILE = EngaginguUITests/Info.plist;
				LD_RUNPATH_SEARCH_PATHS = (
					"$(inherited)",
					"@executable_path/Frameworks",
					"@loader_path/Frameworks",
				);
				PRODUCT_BUNDLE_IDENTIFIER = com.SMU.EngaginguUITests;
				PRODUCT_NAME = "$(TARGET_NAME)";
				SWIFT_VERSION = 4.2;
				TARGETED_DEVICE_FAMILY = "1,2";
				TEST_TARGET_NAME = Engagingu;
			};
			name = Release;
		};
/* End XCBuildConfiguration section */

/* Begin XCConfigurationList section */
		AF78DD032189878A00B0CF10 /* Build configuration list for PBXProject "Engagingu" */ = {
			isa = XCConfigurationList;
			buildConfigurations = (
				AF78DD2E2189879600B0CF10 /* Debug */,
				AF78DD2F2189879600B0CF10 /* Release */,
			);
			defaultConfigurationIsVisible = 0;
			defaultConfigurationName = Release;
		};
		AF78DD302189879600B0CF10 /* Build configuration list for PBXNativeTarget "Engagingu" */ = {
			isa = XCConfigurationList;
			buildConfigurations = (
				AF78DD312189879600B0CF10 /* Debug */,
				AF78DD322189879600B0CF10 /* Release */,
			);
			defaultConfigurationIsVisible = 0;
			defaultConfigurationName = Release;
		};
		AF78DD332189879600B0CF10 /* Build configuration list for PBXNativeTarget "EngaginguTests" */ = {
			isa = XCConfigurationList;
			buildConfigurations = (
				AF78DD342189879600B0CF10 /* Debug */,
				AF78DD352189879600B0CF10 /* Release */,
			);
			defaultConfigurationIsVisible = 0;
			defaultConfigurationName = Release;
		};
		AF78DD362189879600B0CF10 /* Build configuration list for PBXNativeTarget "EngaginguUITests" */ = {
			isa = XCConfigurationList;
			buildConfigurations = (
				AF78DD372189879600B0CF10 /* Debug */,
				AF78DD382189879600B0CF10 /* Release */,
			);
			defaultConfigurationIsVisible = 0;
			defaultConfigurationName = Release;
		};
/* End XCConfigurationList section */
	};
	rootObject = AF78DD002189878A00B0CF10 /* Project object */;
}
